
Microsoft Visual Studio Solution File, Format Version 12.00
# Visual Studio 15
VisualStudioVersion = 15.0.26127.3
MinimumVisualStudioVersion = 10.0.40219.1
Project("{FAE04EC0-301F-11D3-BF4B-00C04F79EFBC}") = "01_Phonebook", "01_Phonebook\01_Phonebook.csproj", "{46566E40-B41C-428D-A5E6-A66C81BEA436}"
EndProject
Project("{FAE04EC0-301F-11D3-BF4B-00C04F79EFBC}") = "02_Phonebook_Upgrade", "02_Phonebook_Upgrade\02_Phonebook_Upgrade.csproj", "{3B9D5452-242B-47E9-BCE7-0B712BFEDFBE}"
EndProject
Project("{FAE04EC0-301F-11D3-BF4B-00C04F79EFBC}") = "03_A_Miner_Task", "03_A_Miner_Task\03_A_Miner_Task.csproj", "{CFCF0D61-DAF6-4841-9FBE-858DC646421A}"
EndProject
Project("{FAE04EC0-301F-11D3-BF4B-00C04F79EFBC}") = "04_Fix_Emails", "04_Fix_Emails\04_Fix_Emails.csproj", "{773BA058-1A5E-4E4E-AFBF-76EF1E153329}"
EndProject
Project("{FAE04EC0-301F-11D3-BF4B-00C04F79EFBC}") = "05_Hands_of_Cards", "05_Hands_of_Cards\05_Hands_of_Cards.csproj", "{5C6893F2-2B68-4789-826B-252C8F13F5A4}"
EndProject
Project("{FAE04EC0-301F-11D3-BF4B-00C04F79EFBC}") = "06_User_Logs", "06_User_Logs\06_User_Logs.csproj", "{7254F3F8-9B7D-49FC-BD12-FF5E613F1271}"
EndProject
Project("{FAE04EC0-301F-11D3-BF4B-00C04F79EFBC}") = "07_Population_Counter", "07_Population_Counter\07_Population_Counter.csproj", "{C04BE219-5542-44DE-95DF-A4ECACE3BA70}"
EndProject
Project("{FAE04EC0-301F-11D3-BF4B-00C04F79EFBC}") = "08_Logs_Aggregator", "08_Logs_Aggregator\08_Logs_Aggregator.csproj", "{D5592177-1049-450A-870A-FAB4B157A9EC}"
EndProject
Project("{FAE04EC0-301F-11D3-BF4B-00C04F79EFBC}") = "09_Legendary_Farming", "09_Legendary_Farming\09_Legendary_Farming.csproj", "{4BC961C2-A854-4128-AE97-71DAFA885540}"
EndProject
Project("{FAE04EC0-301F-11D3-BF4B-00C04F79EFBC}") = "10_Сръбско_Unleashed", "10_Сръбско_Unleashed\10_Сръбско_Unleashed.csproj", "{A035F3C3-D6DC-4BFE-B8AD-135ACD2F44DC}"
EndProject
Project("{FAE04EC0-301F-11D3-BF4B-00C04F79EFBC}") = "11_Dragon_Army", "11_Dragon_Army\11_Dragon_Army.csproj", "{024E7105-E84E-46DE-87A8-423B242C15D7}"
EndProject
Project("{FAE04EC0-301F-11D3-BF4B-00C04F79EFBC}") = "05_Hands_of_Cards_02", "05_Hands_of_Cards_02\05_Hands_of_Cards_02.csproj", "{82128035-D20D-46CA-90A9-63B36A9E8A1A}"
EndProject
Global
	GlobalSection(SolutionConfigurationPlatforms) = preSolution
		Debug|Any CPU = Debug|Any CPU
		Release|Any CPU = Release|Any CPU
	EndGlobalSection
	GlobalSection(ProjectConfigurationPlatforms) = postSolution
		{46566E40-B41C-428D-A5E6-A66C81BEA436}.Debug|Any CPU.ActiveCfg = Debug|Any CPU
		{46566E40-B41C-428D-A5E6-A66C81BEA436}.Debug|Any CPU.Build.0 = Debug|Any CPU
		{46566E40-B41C-428D-A5E6-A66C81BEA436}.Release|Any CPU.ActiveCfg = Release|Any CPU
		{46566E40-B41C-428D-A5E6-A66C81BEA436}.Release|Any CPU.Build.0 = Release|Any CPU
		{3B9D5452-242B-47E9-BCE7-0B712BFEDFBE}.Debug|Any CPU.ActiveCfg = Debug|Any CPU
		{3B9D5452-242B-47E9-BCE7-0B712BFEDFBE}.Debug|Any CPU.Build.0 = Debug|Any CPU
		{3B9D5452-242B-47E9-BCE7-0B712BFEDFBE}.Release|Any CPU.ActiveCfg = Release|Any CPU
		{3B9D5452-242B-47E9-BCE7-0B712BFEDFBE}.Release|Any CPU.Build.0 = Release|Any CPU
		{CFCF0D61-DAF6-4841-9FBE-858DC646421A}.Debug|Any CPU.ActiveCfg = Debug|Any CPU
		{CFCF0D61-DAF6-4841-9FBE-858DC646421A}.Debug|Any CPU.Build.0 = Debug|Any CPU
		{CFCF0D61-DAF6-4841-9FBE-858DC646421A}.Release|Any CPU.ActiveCfg = Release|Any CPU
		{CFCF0D61-DAF6-4841-9FBE-858DC646421A}.Release|Any CPU.Build.0 = Release|Any CPU
		{773BA058-1A5E-4E4E-AFBF-76EF1E153329}.Debug|Any CPU.ActiveCfg = Debug|Any CPU
		{773BA058-1A5E-4E4E-AFBF-76EF1E153329}.Debug|Any CPU.Build.0 = Debug|Any CPU
		{773BA058-1A5E-4E4E-AFBF-76EF1E153329}.Release|Any CPU.ActiveCfg = Release|Any CPU
		{773BA058-1A5E-4E4E-AFBF-76EF1E153329}.Release|Any CPU.Build.0 = Release|Any CPU
		{5C6893F2-2B68-4789-826B-252C8F13F5A4}.Debug|Any CPU.ActiveCfg = Debug|Any CPU
		{5C6893F2-2B68-4789-826B-252C8F13F5A4}.Debug|Any CPU.Build.0 = Debug|Any CPU
		{5C6893F2-2B68-4789-826B-252C8F13F5A4}.Release|Any CPU.ActiveCfg = Release|Any CPU
		{5C6893F2-2B68-4789-826B-252C8F13F5A4}.Release|Any CPU.Build.0 = Release|Any CPU
		{7254F3F8-9B7D-49FC-BD12-FF5E613F1271}.Debug|Any CPU.ActiveCfg = Debug|Any CPU
		{7254F3F8-9B7D-49FC-BD12-FF5E613F1271}.Debug|Any CPU.Build.0 = Debug|Any CPU
		{7254F3F8-9B7D-49FC-BD12-FF5E613F1271}.Release|Any CPU.ActiveCfg = Release|Any CPU
		{7254F3F8-9B7D-49FC-BD12-FF5E613F1271}.Release|Any CPU.Build.0 = Release|Any CPU
		{C04BE219-5542-44DE-95DF-A4ECACE3BA70}.Debug|Any CPU.ActiveCfg = Debug|Any CPU
		{C04BE219-5542-44DE-95DF-A4ECACE3BA70}.Debug|Any CPU.Build.0 = Debug|Any CPU
		{C04BE219-5542-44DE-95DF-A4ECACE3BA70}.Release|Any CPU.ActiveCfg = Release|Any CPU
		{C04BE219-5542-44DE-95DF-A4ECACE3BA70}.Release|Any CPU.Build.0 = Release|Any CPU
		{D5592177-1049-450A-870A-FAB4B157A9EC}.Debug|Any CPU.ActiveCfg = Debug|Any CPU
		{D5592177-1049-450A-870A-FAB4B157A9EC}.Debug|Any CPU.Build.0 = Debug|Any CPU
		{D5592177-1049-450A-870A-FAB4B157A9EC}.Release|Any CPU.ActiveCfg = Release|Any CPU
		{D5592177-1049-450A-870A-FAB4B157A9EC}.Release|Any CPU.Build.0 = Release|Any CPU
		{4BC961C2-A854-4128-AE97-71DAFA885540}.Debug|Any CPU.ActiveCfg = Debug|Any CPU
		{4BC961C2-A854-4128-AE97-71DAFA885540}.Debug|Any CPU.Build.0 = Debug|Any CPU
		{4BC961C2-A854-4128-AE97-71DAFA885540}.Release|Any CPU.ActiveCfg = Release|Any CPU
		{4BC961C2-A854-4128-AE97-71DAFA885540}.Release|Any CPU.Build.0 = Release|Any CPU
		{A035F3C3-D6DC-4BFE-B8AD-135ACD2F44DC}.Debug|Any CPU.ActiveCfg = Debug|Any CPU
		{A035F3C3-D6DC-4BFE-B8AD-135ACD2F44DC}.Debug|Any CPU.Build.0 = Debug|Any CPU
		{A035F3C3-D6DC-4BFE-B8AD-135ACD2F44DC}.Release|Any CPU.ActiveCfg = Release|Any CPU
		{A035F3C3-D6DC-4BFE-B8AD-135ACD2F44DC}.Release|Any CPU.Build.0 = Release|Any CPU
		{024E7105-E84E-46DE-87A8-423B242C15D7}.Debug|Any CPU.ActiveCfg = Debug|Any CPU
		{024E7105-E84E-46DE-87A8-423B242C15D7}.Debug|Any CPU.Build.0 = Debug|Any CPU
		{024E7105-E84E-46DE-87A8-423B242C15D7}.Release|Any CPU.ActiveCfg = Release|Any CPU
		{024E7105-E84E-46DE-87A8-423B242C15D7}.Release|Any CPU.Build.0 = Release|Any CPU
		{82128035-D20D-46CA-90A9-63B36A9E8A1A}.Debug|Any CPU.ActiveCfg = Debug|Any CPU
		{82128035-D20D-46CA-90A9-63B36A9E8A1A}.Debug|Any CPU.Build.0 = Debug|Any CPU
		{82128035-D20D-46CA-90A9-63B36A9E8A1A}.Release|Any CPU.ActiveCfg = Release|Any CPU
		{82128035-D20D-46CA-90A9-63B36A9E8A1A}.Release|Any CPU.Build.0 = Release|Any CPU
	EndGlobalSection
	GlobalSection(SolutionProperties) = preSolution
		HideSolutionNode = FALSE
	EndGlobalSection
EndGlobal
