
Microsoft Visual Studio Solution File, Format Version 12.00
# Visual Studio 15
VisualStudioVersion = 15.0.26430.6
MinimumVisualStudioVersion = 10.0.40219.1
Project("{FAE04EC0-301F-11D3-BF4B-00C04F79EFBC}") = "Проверки", "Проверки\Проверки.csproj", "{8844F484-DF38-4FC2-90BE-A58DD98C7607}"
EndProject
Project("{FAE04EC0-301F-11D3-BF4B-00C04F79EFBC}") = "_Test_", "_Test_\_Test_.csproj", "{094873D4-95EA-41EC-90BF-E8CEB83AF8C3}"
EndProject
Project("{FAE04EC0-301F-11D3-BF4B-00C04F79EFBC}") = "Learning_C_Sharp", "Learning_C_Sharp\Learning_C_Sharp.csproj", "{4772A1BA-5094-40BE-B96E-A5B1F4766EA8}"
EndProject
Project("{FAE04EC0-301F-11D3-BF4B-00C04F79EFBC}") = "Math_DEMO", "Math._-_DEMO\Math_DEMO.csproj", "{C85DB890-DDDE-438D-B17B-6F6FE31E7C62}"
EndProject
Project("{FAE04EC0-301F-11D3-BF4B-00C04F79EFBC}") = "Работа_с_дати", "Работа_с_дати\Работа_с_дати.csproj", "{A2278C52-DE60-4202-BAB6-775903FE9A93}"
EndProject
Project("{FAE04EC0-301F-11D3-BF4B-00C04F79EFBC}") = "Форматиране_на_текст", "Форматиране_на_текст\Форматиране_на_текст.csproj", "{97CF9343-1F35-443A-9AA0-75086D3D63FE}"
EndProject
Project("{FAE04EC0-301F-11D3-BF4B-00C04F79EFBC}") = "Целочислено_делене", "Целочислено_делене\Целочислено_делене.csproj", "{DBE9CDBF-09D4-400B-943C-13FF62CA18BB}"
EndProject
Project("{FAE04EC0-301F-11D3-BF4B-00C04F79EFBC}") = "Обекти_и_Класове", "Обекти_и_Класове\Обекти_и_Класове.csproj", "{42634AE7-16B0-4D84-B295-EBA23F1EA347}"
EndProject
Project("{FAE04EC0-301F-11D3-BF4B-00C04F79EFBC}") = "Работа_с_файлове", "Работа_с_файлове\Работа_с_файлове.csproj", "{B3E60CD1-7DA0-4EFF-B97D-8529E040084B}"
EndProject
Project("{FAE04EC0-301F-11D3-BF4B-00C04F79EFBC}") = "Обработка_на_изключения", "Обработка_на_изключения\Обработка_на_изключения.csproj", "{A9633855-E769-46E1-AF91-E46B38F7A4F6}"
EndProject
Project("{FAE04EC0-301F-11D3-BF4B-00C04F79EFBC}") = "Strings", "Strings\Strings.csproj", "{473A2ACF-E79C-4797-8E8B-6B4E55B21F49}"
EndProject
Project("{FAE04EC0-301F-11D3-BF4B-00C04F79EFBC}") = "Таймер", "Таймер\Таймер.csproj", "{00B88788-868A-4CC1-903C-84057A7494CD}"
EndProject
Project("{FAE04EC0-301F-11D3-BF4B-00C04F79EFBC}") = "Regex_Demo", "Regex\Regex_Demo.csproj", "{54F72D64-5B49-422E-B840-3517E2B7A103}"
EndProject
Project("{FAE04EC0-301F-11D3-BF4B-00C04F79EFBC}") = "Cool_Methods", "Cool_Methods\Cool_Methods.csproj", "{A7D6DBF5-5E11-48F2-9335-F71E782FCD20}"
EndProject
Project("{FAE04EC0-301F-11D3-BF4B-00C04F79EFBC}") = "Properties_Methods_and_Extension_Methods", "Properties_Methods_and_Extension_Methods\Properties_Methods_and_Extension_Methods.csproj", "{695B01E3-A34B-4A23-9399-E54FD56A3A2D}"
EndProject
Project("{FAE04EC0-301F-11D3-BF4B-00C04F79EFBC}") = "Queue_Stack", "Queue_Stack\Queue_Stack.csproj", "{CFA103C8-C720-47CB-8966-94AB0FB91F99}"
EndProject
Project("{FAE04EC0-301F-11D3-BF4B-00C04F79EFBC}") = "Functional_Programming", "Functional_Programming\Functional_Programming.csproj", "{CE90C183-5B67-4681-A66C-78EE0C0F178A}"
EndProject
Project("{FAE04EC0-301F-11D3-BF4B-00C04F79EFBC}") = "Cycles", "Cycles\Cycles.csproj", "{74D2AE1D-5219-48EB-A72E-C8DC650A03F0}"
EndProject
Project("{FAE04EC0-301F-11D3-BF4B-00C04F79EFBC}") = "List", "List\List.csproj", "{1F717520-2C63-4C79-9E88-8B5D42BDB9FF}"
EndProject
Project("{FAE04EC0-301F-11D3-BF4B-00C04F79EFBC}") = "Array", "Array\Array.csproj", "{0BB309B7-D8C8-4AA7-A748-85E3D009E2A3}"
EndProject
Project("{FAE04EC0-301F-11D3-BF4B-00C04F79EFBC}") = "Matrices", "Matrices\Matrices.csproj", "{3D7F8711-A6B1-44A6-A710-A913C1D7BCD2}"
EndProject
Project("{FAE04EC0-301F-11D3-BF4B-00C04F79EFBC}") = "Dictionary", "Dictionary\Dictionary.csproj", "{52493D02-9753-4BF4-96AE-7B1426E82822}"
EndProject
Project("{FAE04EC0-301F-11D3-BF4B-00C04F79EFBC}") = "Asynchronous_Programming", "Asynchronous_Programming\Asynchronous_Programming.csproj", "{A3E1E796-FE69-4D95-B6A9-1C01FBB45AED}"
EndProject
Project("{FAE04EC0-301F-11D3-BF4B-00C04F79EFBC}") = "Jagged_Arrays", "Jagged_Arrays\Jagged_Arrays.csproj", "{BAC89888-6067-4D5B-AFD0-50B4315F78C3}"
EndProject
Global
	GlobalSection(SolutionConfigurationPlatforms) = preSolution
		Debug|Any CPU = Debug|Any CPU
		Release|Any CPU = Release|Any CPU
	EndGlobalSection
	GlobalSection(ProjectConfigurationPlatforms) = postSolution
		{8844F484-DF38-4FC2-90BE-A58DD98C7607}.Debug|Any CPU.ActiveCfg = Debug|Any CPU
		{8844F484-DF38-4FC2-90BE-A58DD98C7607}.Debug|Any CPU.Build.0 = Debug|Any CPU
		{8844F484-DF38-4FC2-90BE-A58DD98C7607}.Release|Any CPU.ActiveCfg = Release|Any CPU
		{8844F484-DF38-4FC2-90BE-A58DD98C7607}.Release|Any CPU.Build.0 = Release|Any CPU
		{094873D4-95EA-41EC-90BF-E8CEB83AF8C3}.Debug|Any CPU.ActiveCfg = Debug|Any CPU
		{094873D4-95EA-41EC-90BF-E8CEB83AF8C3}.Debug|Any CPU.Build.0 = Debug|Any CPU
		{094873D4-95EA-41EC-90BF-E8CEB83AF8C3}.Release|Any CPU.ActiveCfg = Release|Any CPU
		{094873D4-95EA-41EC-90BF-E8CEB83AF8C3}.Release|Any CPU.Build.0 = Release|Any CPU
		{4772A1BA-5094-40BE-B96E-A5B1F4766EA8}.Debug|Any CPU.ActiveCfg = Debug|Any CPU
		{4772A1BA-5094-40BE-B96E-A5B1F4766EA8}.Debug|Any CPU.Build.0 = Debug|Any CPU
		{4772A1BA-5094-40BE-B96E-A5B1F4766EA8}.Release|Any CPU.ActiveCfg = Release|Any CPU
		{4772A1BA-5094-40BE-B96E-A5B1F4766EA8}.Release|Any CPU.Build.0 = Release|Any CPU
		{C85DB890-DDDE-438D-B17B-6F6FE31E7C62}.Debug|Any CPU.ActiveCfg = Debug|Any CPU
		{C85DB890-DDDE-438D-B17B-6F6FE31E7C62}.Debug|Any CPU.Build.0 = Debug|Any CPU
		{C85DB890-DDDE-438D-B17B-6F6FE31E7C62}.Release|Any CPU.ActiveCfg = Release|Any CPU
		{C85DB890-DDDE-438D-B17B-6F6FE31E7C62}.Release|Any CPU.Build.0 = Release|Any CPU
		{A2278C52-DE60-4202-BAB6-775903FE9A93}.Debug|Any CPU.ActiveCfg = Debug|Any CPU
		{A2278C52-DE60-4202-BAB6-775903FE9A93}.Debug|Any CPU.Build.0 = Debug|Any CPU
		{A2278C52-DE60-4202-BAB6-775903FE9A93}.Release|Any CPU.ActiveCfg = Release|Any CPU
		{A2278C52-DE60-4202-BAB6-775903FE9A93}.Release|Any CPU.Build.0 = Release|Any CPU
		{97CF9343-1F35-443A-9AA0-75086D3D63FE}.Debug|Any CPU.ActiveCfg = Debug|Any CPU
		{97CF9343-1F35-443A-9AA0-75086D3D63FE}.Debug|Any CPU.Build.0 = Debug|Any CPU
		{97CF9343-1F35-443A-9AA0-75086D3D63FE}.Release|Any CPU.ActiveCfg = Release|Any CPU
		{97CF9343-1F35-443A-9AA0-75086D3D63FE}.Release|Any CPU.Build.0 = Release|Any CPU
		{DBE9CDBF-09D4-400B-943C-13FF62CA18BB}.Debug|Any CPU.ActiveCfg = Debug|Any CPU
		{DBE9CDBF-09D4-400B-943C-13FF62CA18BB}.Debug|Any CPU.Build.0 = Debug|Any CPU
		{DBE9CDBF-09D4-400B-943C-13FF62CA18BB}.Release|Any CPU.ActiveCfg = Release|Any CPU
		{DBE9CDBF-09D4-400B-943C-13FF62CA18BB}.Release|Any CPU.Build.0 = Release|Any CPU
		{42634AE7-16B0-4D84-B295-EBA23F1EA347}.Debug|Any CPU.ActiveCfg = Debug|Any CPU
		{42634AE7-16B0-4D84-B295-EBA23F1EA347}.Debug|Any CPU.Build.0 = Debug|Any CPU
		{42634AE7-16B0-4D84-B295-EBA23F1EA347}.Release|Any CPU.ActiveCfg = Release|Any CPU
		{42634AE7-16B0-4D84-B295-EBA23F1EA347}.Release|Any CPU.Build.0 = Release|Any CPU
		{B3E60CD1-7DA0-4EFF-B97D-8529E040084B}.Debug|Any CPU.ActiveCfg = Debug|Any CPU
		{B3E60CD1-7DA0-4EFF-B97D-8529E040084B}.Debug|Any CPU.Build.0 = Debug|Any CPU
		{B3E60CD1-7DA0-4EFF-B97D-8529E040084B}.Release|Any CPU.ActiveCfg = Release|Any CPU
		{B3E60CD1-7DA0-4EFF-B97D-8529E040084B}.Release|Any CPU.Build.0 = Release|Any CPU
		{A9633855-E769-46E1-AF91-E46B38F7A4F6}.Debug|Any CPU.ActiveCfg = Debug|Any CPU
		{A9633855-E769-46E1-AF91-E46B38F7A4F6}.Debug|Any CPU.Build.0 = Debug|Any CPU
		{A9633855-E769-46E1-AF91-E46B38F7A4F6}.Release|Any CPU.ActiveCfg = Release|Any CPU
		{A9633855-E769-46E1-AF91-E46B38F7A4F6}.Release|Any CPU.Build.0 = Release|Any CPU
		{473A2ACF-E79C-4797-8E8B-6B4E55B21F49}.Debug|Any CPU.ActiveCfg = Debug|Any CPU
		{473A2ACF-E79C-4797-8E8B-6B4E55B21F49}.Debug|Any CPU.Build.0 = Debug|Any CPU
		{473A2ACF-E79C-4797-8E8B-6B4E55B21F49}.Release|Any CPU.ActiveCfg = Release|Any CPU
		{473A2ACF-E79C-4797-8E8B-6B4E55B21F49}.Release|Any CPU.Build.0 = Release|Any CPU
		{00B88788-868A-4CC1-903C-84057A7494CD}.Debug|Any CPU.ActiveCfg = Debug|Any CPU
		{00B88788-868A-4CC1-903C-84057A7494CD}.Debug|Any CPU.Build.0 = Debug|Any CPU
		{00B88788-868A-4CC1-903C-84057A7494CD}.Release|Any CPU.ActiveCfg = Release|Any CPU
		{00B88788-868A-4CC1-903C-84057A7494CD}.Release|Any CPU.Build.0 = Release|Any CPU
		{54F72D64-5B49-422E-B840-3517E2B7A103}.Debug|Any CPU.ActiveCfg = Debug|Any CPU
		{54F72D64-5B49-422E-B840-3517E2B7A103}.Debug|Any CPU.Build.0 = Debug|Any CPU
		{54F72D64-5B49-422E-B840-3517E2B7A103}.Release|Any CPU.ActiveCfg = Release|Any CPU
		{54F72D64-5B49-422E-B840-3517E2B7A103}.Release|Any CPU.Build.0 = Release|Any CPU
		{A7D6DBF5-5E11-48F2-9335-F71E782FCD20}.Debug|Any CPU.ActiveCfg = Debug|Any CPU
		{A7D6DBF5-5E11-48F2-9335-F71E782FCD20}.Debug|Any CPU.Build.0 = Debug|Any CPU
		{A7D6DBF5-5E11-48F2-9335-F71E782FCD20}.Release|Any CPU.ActiveCfg = Release|Any CPU
		{A7D6DBF5-5E11-48F2-9335-F71E782FCD20}.Release|Any CPU.Build.0 = Release|Any CPU
		{695B01E3-A34B-4A23-9399-E54FD56A3A2D}.Debug|Any CPU.ActiveCfg = Debug|Any CPU
		{695B01E3-A34B-4A23-9399-E54FD56A3A2D}.Debug|Any CPU.Build.0 = Debug|Any CPU
		{695B01E3-A34B-4A23-9399-E54FD56A3A2D}.Release|Any CPU.ActiveCfg = Release|Any CPU
		{695B01E3-A34B-4A23-9399-E54FD56A3A2D}.Release|Any CPU.Build.0 = Release|Any CPU
		{CFA103C8-C720-47CB-8966-94AB0FB91F99}.Debug|Any CPU.ActiveCfg = Debug|Any CPU
		{CFA103C8-C720-47CB-8966-94AB0FB91F99}.Debug|Any CPU.Build.0 = Debug|Any CPU
		{CFA103C8-C720-47CB-8966-94AB0FB91F99}.Release|Any CPU.ActiveCfg = Release|Any CPU
		{CFA103C8-C720-47CB-8966-94AB0FB91F99}.Release|Any CPU.Build.0 = Release|Any CPU
		{CE90C183-5B67-4681-A66C-78EE0C0F178A}.Debug|Any CPU.ActiveCfg = Debug|Any CPU
		{CE90C183-5B67-4681-A66C-78EE0C0F178A}.Debug|Any CPU.Build.0 = Debug|Any CPU
		{CE90C183-5B67-4681-A66C-78EE0C0F178A}.Release|Any CPU.ActiveCfg = Release|Any CPU
		{CE90C183-5B67-4681-A66C-78EE0C0F178A}.Release|Any CPU.Build.0 = Release|Any CPU
		{74D2AE1D-5219-48EB-A72E-C8DC650A03F0}.Debug|Any CPU.ActiveCfg = Debug|Any CPU
		{74D2AE1D-5219-48EB-A72E-C8DC650A03F0}.Debug|Any CPU.Build.0 = Debug|Any CPU
		{74D2AE1D-5219-48EB-A72E-C8DC650A03F0}.Release|Any CPU.ActiveCfg = Release|Any CPU
		{74D2AE1D-5219-48EB-A72E-C8DC650A03F0}.Release|Any CPU.Build.0 = Release|Any CPU
		{1F717520-2C63-4C79-9E88-8B5D42BDB9FF}.Debug|Any CPU.ActiveCfg = Debug|Any CPU
		{1F717520-2C63-4C79-9E88-8B5D42BDB9FF}.Debug|Any CPU.Build.0 = Debug|Any CPU
		{1F717520-2C63-4C79-9E88-8B5D42BDB9FF}.Release|Any CPU.ActiveCfg = Release|Any CPU
		{1F717520-2C63-4C79-9E88-8B5D42BDB9FF}.Release|Any CPU.Build.0 = Release|Any CPU
		{0BB309B7-D8C8-4AA7-A748-85E3D009E2A3}.Debug|Any CPU.ActiveCfg = Debug|Any CPU
		{0BB309B7-D8C8-4AA7-A748-85E3D009E2A3}.Debug|Any CPU.Build.0 = Debug|Any CPU
		{0BB309B7-D8C8-4AA7-A748-85E3D009E2A3}.Release|Any CPU.ActiveCfg = Release|Any CPU
		{0BB309B7-D8C8-4AA7-A748-85E3D009E2A3}.Release|Any CPU.Build.0 = Release|Any CPU
		{3D7F8711-A6B1-44A6-A710-A913C1D7BCD2}.Debug|Any CPU.ActiveCfg = Debug|Any CPU
		{3D7F8711-A6B1-44A6-A710-A913C1D7BCD2}.Debug|Any CPU.Build.0 = Debug|Any CPU
		{3D7F8711-A6B1-44A6-A710-A913C1D7BCD2}.Release|Any CPU.ActiveCfg = Release|Any CPU
		{3D7F8711-A6B1-44A6-A710-A913C1D7BCD2}.Release|Any CPU.Build.0 = Release|Any CPU
		{52493D02-9753-4BF4-96AE-7B1426E82822}.Debug|Any CPU.ActiveCfg = Debug|Any CPU
		{52493D02-9753-4BF4-96AE-7B1426E82822}.Debug|Any CPU.Build.0 = Debug|Any CPU
		{52493D02-9753-4BF4-96AE-7B1426E82822}.Release|Any CPU.ActiveCfg = Release|Any CPU
		{52493D02-9753-4BF4-96AE-7B1426E82822}.Release|Any CPU.Build.0 = Release|Any CPU
		{A3E1E796-FE69-4D95-B6A9-1C01FBB45AED}.Debug|Any CPU.ActiveCfg = Debug|Any CPU
		{A3E1E796-FE69-4D95-B6A9-1C01FBB45AED}.Debug|Any CPU.Build.0 = Debug|Any CPU
		{A3E1E796-FE69-4D95-B6A9-1C01FBB45AED}.Release|Any CPU.ActiveCfg = Release|Any CPU
		{A3E1E796-FE69-4D95-B6A9-1C01FBB45AED}.Release|Any CPU.Build.0 = Release|Any CPU
		{BAC89888-6067-4D5B-AFD0-50B4315F78C3}.Debug|Any CPU.ActiveCfg = Debug|Any CPU
		{BAC89888-6067-4D5B-AFD0-50B4315F78C3}.Debug|Any CPU.Build.0 = Debug|Any CPU
		{BAC89888-6067-4D5B-AFD0-50B4315F78C3}.Release|Any CPU.ActiveCfg = Release|Any CPU
		{BAC89888-6067-4D5B-AFD0-50B4315F78C3}.Release|Any CPU.Build.0 = Release|Any CPU
	EndGlobalSection
	GlobalSection(SolutionProperties) = preSolution
		HideSolutionNode = FALSE
	EndGlobalSection
EndGlobal
