
Microsoft Visual Studio Solution File, Format Version 12.00
# Visual Studio 15
VisualStudioVersion = 15.0.26430.15
MinimumVisualStudioVersion = 10.0.40219.1
Project("{FAE04EC0-301F-11D3-BF4B-00C04F79EFBC}") = "01. Vehicles", "01. Vehicles\01. Vehicles.csproj", "{7F9EC8FD-DC24-4629-9A0F-F93D0B059F26}"
EndProject
Project("{FAE04EC0-301F-11D3-BF4B-00C04F79EFBC}") = "02. Vehicles Extension", "02. Vehicles Extension\02. Vehicles Extension.csproj", "{6B3C21A1-8EFC-406C-9EAB-2C96E34F4A37}"
EndProject
Project("{FAE04EC0-301F-11D3-BF4B-00C04F79EFBC}") = "03. Wild farm", "03. Wild farm\03. Wild farm.csproj", "{DA8A5E5B-7A9E-4CA4-8EDC-C1CB6CFC5A12}"
EndProject
Global
	GlobalSection(SolutionConfigurationPlatforms) = preSolution
		Debug|Any CPU = Debug|Any CPU
		Release|Any CPU = Release|Any CPU
	EndGlobalSection
	GlobalSection(ProjectConfigurationPlatforms) = postSolution
		{7F9EC8FD-DC24-4629-9A0F-F93D0B059F26}.Debug|Any CPU.ActiveCfg = Debug|Any CPU
		{7F9EC8FD-DC24-4629-9A0F-F93D0B059F26}.Debug|Any CPU.Build.0 = Debug|Any CPU
		{7F9EC8FD-DC24-4629-9A0F-F93D0B059F26}.Release|Any CPU.ActiveCfg = Release|Any CPU
		{7F9EC8FD-DC24-4629-9A0F-F93D0B059F26}.Release|Any CPU.Build.0 = Release|Any CPU
		{6B3C21A1-8EFC-406C-9EAB-2C96E34F4A37}.Debug|Any CPU.ActiveCfg = Debug|Any CPU
		{6B3C21A1-8EFC-406C-9EAB-2C96E34F4A37}.Debug|Any CPU.Build.0 = Debug|Any CPU
		{6B3C21A1-8EFC-406C-9EAB-2C96E34F4A37}.Release|Any CPU.ActiveCfg = Release|Any CPU
		{6B3C21A1-8EFC-406C-9EAB-2C96E34F4A37}.Release|Any CPU.Build.0 = Release|Any CPU
		{DA8A5E5B-7A9E-4CA4-8EDC-C1CB6CFC5A12}.Debug|Any CPU.ActiveCfg = Debug|Any CPU
		{DA8A5E5B-7A9E-4CA4-8EDC-C1CB6CFC5A12}.Debug|Any CPU.Build.0 = Debug|Any CPU
		{DA8A5E5B-7A9E-4CA4-8EDC-C1CB6CFC5A12}.Release|Any CPU.ActiveCfg = Release|Any CPU
		{DA8A5E5B-7A9E-4CA4-8EDC-C1CB6CFC5A12}.Release|Any CPU.Build.0 = Release|Any CPU
	EndGlobalSection
	GlobalSection(SolutionProperties) = preSolution
		HideSolutionNode = FALSE
	EndGlobalSection
EndGlobal
