
Microsoft Visual Studio Solution File, Format Version 12.00
# Visual Studio 15
VisualStudioVersion = 15.0.26430.6
MinimumVisualStudioVersion = 10.0.40219.1
Project("{FAE04EC0-301F-11D3-BF4B-00C04F79EFBC}") = "01. Match Full Name", "01. Match Full Name\01. Match Full Name.csproj", "{63BEED8F-C618-4C1D-B360-3B0879253BE8}"
EndProject
Project("{FAE04EC0-301F-11D3-BF4B-00C04F79EFBC}") = "02. Match Phone Number", "02. Match Phone Number\02. Match Phone Number.csproj", "{8835FAA9-4FBE-4146-9E8E-A2B9F2B6A4F9}"
EndProject
Project("{FAE04EC0-301F-11D3-BF4B-00C04F79EFBC}") = "03. Series Of Numbers", "03. Series Of Numbers\03. Series Of Numbers.csproj", "{29950EC2-19D4-4B6C-9AEC-7CA5BB7AEB2D}"
EndProject
Project("{FAE04EC0-301F-11D3-BF4B-00C04F79EFBC}") = "04. Replace a tag", "04. Replace a tag\04. Replace a tag.csproj", "{2047D25E-CABE-4AA2-8E2A-ED2F02645523}"
EndProject
Project("{FAE04EC0-301F-11D3-BF4B-00C04F79EFBC}") = "05. Extract Email", "05. Extract Email\05. Extract Email.csproj", "{BC4707FE-82F1-4F66-ADBC-90DB3FD3B995}"
EndProject
Project("{FAE04EC0-301F-11D3-BF4B-00C04F79EFBC}") = "06. Sentence Extractor", "06. Sentence Extractor\06. Sentence Extractor.csproj", "{76326207-53EC-404B-9E05-C6CCD541A6A7}"
EndProject
Project("{FAE04EC0-301F-11D3-BF4B-00C04F79EFBC}") = "07. Valid Usernames", "07. Valid Usernames\07. Valid Usernames.csproj", "{6ED131C8-0DD1-41A0-893C-E3F788C5DE4D}"
EndProject
Project("{FAE04EC0-301F-11D3-BF4B-00C04F79EFBC}") = "08. Extract Hyperlinks", "08. Extract Hyperlinks\08. Extract Hyperlinks.csproj", "{3316BE05-33EE-4EC1-9D49-5BAC3B367A27}"
EndProject
Project("{FAE04EC0-301F-11D3-BF4B-00C04F79EFBC}") = "09. Query Mess", "09. Query Mess\09. Query Mess.csproj", "{69F98013-F56E-4345-8C27-9C696B06517A}"
EndProject
Project("{FAE04EC0-301F-11D3-BF4B-00C04F79EFBC}") = "10. Use Your Chains, Buddy", "10. Use Your Chains, Buddy\10. Use Your Chains, Buddy.csproj", "{0FE0A8E4-3706-4485-9272-E011C3D04975}"
EndProject
Project("{FAE04EC0-301F-11D3-BF4B-00C04F79EFBC}") = "11. Semantic HTML", "11. Semantic HTML\11. Semantic HTML.csproj", "{1311FC09-E157-4930-BCA3-383090B1A320}"
EndProject
Global
	GlobalSection(SolutionConfigurationPlatforms) = preSolution
		Debug|Any CPU = Debug|Any CPU
		Release|Any CPU = Release|Any CPU
	EndGlobalSection
	GlobalSection(ProjectConfigurationPlatforms) = postSolution
		{63BEED8F-C618-4C1D-B360-3B0879253BE8}.Debug|Any CPU.ActiveCfg = Debug|Any CPU
		{63BEED8F-C618-4C1D-B360-3B0879253BE8}.Debug|Any CPU.Build.0 = Debug|Any CPU
		{63BEED8F-C618-4C1D-B360-3B0879253BE8}.Release|Any CPU.ActiveCfg = Release|Any CPU
		{63BEED8F-C618-4C1D-B360-3B0879253BE8}.Release|Any CPU.Build.0 = Release|Any CPU
		{8835FAA9-4FBE-4146-9E8E-A2B9F2B6A4F9}.Debug|Any CPU.ActiveCfg = Debug|Any CPU
		{8835FAA9-4FBE-4146-9E8E-A2B9F2B6A4F9}.Debug|Any CPU.Build.0 = Debug|Any CPU
		{8835FAA9-4FBE-4146-9E8E-A2B9F2B6A4F9}.Release|Any CPU.ActiveCfg = Release|Any CPU
		{8835FAA9-4FBE-4146-9E8E-A2B9F2B6A4F9}.Release|Any CPU.Build.0 = Release|Any CPU
		{29950EC2-19D4-4B6C-9AEC-7CA5BB7AEB2D}.Debug|Any CPU.ActiveCfg = Debug|Any CPU
		{29950EC2-19D4-4B6C-9AEC-7CA5BB7AEB2D}.Debug|Any CPU.Build.0 = Debug|Any CPU
		{29950EC2-19D4-4B6C-9AEC-7CA5BB7AEB2D}.Release|Any CPU.ActiveCfg = Release|Any CPU
		{29950EC2-19D4-4B6C-9AEC-7CA5BB7AEB2D}.Release|Any CPU.Build.0 = Release|Any CPU
		{2047D25E-CABE-4AA2-8E2A-ED2F02645523}.Debug|Any CPU.ActiveCfg = Debug|Any CPU
		{2047D25E-CABE-4AA2-8E2A-ED2F02645523}.Debug|Any CPU.Build.0 = Debug|Any CPU
		{2047D25E-CABE-4AA2-8E2A-ED2F02645523}.Release|Any CPU.ActiveCfg = Release|Any CPU
		{2047D25E-CABE-4AA2-8E2A-ED2F02645523}.Release|Any CPU.Build.0 = Release|Any CPU
		{BC4707FE-82F1-4F66-ADBC-90DB3FD3B995}.Debug|Any CPU.ActiveCfg = Debug|Any CPU
		{BC4707FE-82F1-4F66-ADBC-90DB3FD3B995}.Debug|Any CPU.Build.0 = Debug|Any CPU
		{BC4707FE-82F1-4F66-ADBC-90DB3FD3B995}.Release|Any CPU.ActiveCfg = Release|Any CPU
		{BC4707FE-82F1-4F66-ADBC-90DB3FD3B995}.Release|Any CPU.Build.0 = Release|Any CPU
		{76326207-53EC-404B-9E05-C6CCD541A6A7}.Debug|Any CPU.ActiveCfg = Debug|Any CPU
		{76326207-53EC-404B-9E05-C6CCD541A6A7}.Debug|Any CPU.Build.0 = Debug|Any CPU
		{76326207-53EC-404B-9E05-C6CCD541A6A7}.Release|Any CPU.ActiveCfg = Release|Any CPU
		{76326207-53EC-404B-9E05-C6CCD541A6A7}.Release|Any CPU.Build.0 = Release|Any CPU
		{6ED131C8-0DD1-41A0-893C-E3F788C5DE4D}.Debug|Any CPU.ActiveCfg = Debug|Any CPU
		{6ED131C8-0DD1-41A0-893C-E3F788C5DE4D}.Debug|Any CPU.Build.0 = Debug|Any CPU
		{6ED131C8-0DD1-41A0-893C-E3F788C5DE4D}.Release|Any CPU.ActiveCfg = Release|Any CPU
		{6ED131C8-0DD1-41A0-893C-E3F788C5DE4D}.Release|Any CPU.Build.0 = Release|Any CPU
		{3316BE05-33EE-4EC1-9D49-5BAC3B367A27}.Debug|Any CPU.ActiveCfg = Debug|Any CPU
		{3316BE05-33EE-4EC1-9D49-5BAC3B367A27}.Debug|Any CPU.Build.0 = Debug|Any CPU
		{3316BE05-33EE-4EC1-9D49-5BAC3B367A27}.Release|Any CPU.ActiveCfg = Release|Any CPU
		{3316BE05-33EE-4EC1-9D49-5BAC3B367A27}.Release|Any CPU.Build.0 = Release|Any CPU
		{69F98013-F56E-4345-8C27-9C696B06517A}.Debug|Any CPU.ActiveCfg = Debug|Any CPU
		{69F98013-F56E-4345-8C27-9C696B06517A}.Debug|Any CPU.Build.0 = Debug|Any CPU
		{69F98013-F56E-4345-8C27-9C696B06517A}.Release|Any CPU.ActiveCfg = Release|Any CPU
		{69F98013-F56E-4345-8C27-9C696B06517A}.Release|Any CPU.Build.0 = Release|Any CPU
		{0FE0A8E4-3706-4485-9272-E011C3D04975}.Debug|Any CPU.ActiveCfg = Debug|Any CPU
		{0FE0A8E4-3706-4485-9272-E011C3D04975}.Debug|Any CPU.Build.0 = Debug|Any CPU
		{0FE0A8E4-3706-4485-9272-E011C3D04975}.Release|Any CPU.ActiveCfg = Release|Any CPU
		{0FE0A8E4-3706-4485-9272-E011C3D04975}.Release|Any CPU.Build.0 = Release|Any CPU
		{1311FC09-E157-4930-BCA3-383090B1A320}.Debug|Any CPU.ActiveCfg = Debug|Any CPU
		{1311FC09-E157-4930-BCA3-383090B1A320}.Debug|Any CPU.Build.0 = Debug|Any CPU
		{1311FC09-E157-4930-BCA3-383090B1A320}.Release|Any CPU.ActiveCfg = Release|Any CPU
		{1311FC09-E157-4930-BCA3-383090B1A320}.Release|Any CPU.Build.0 = Release|Any CPU
	EndGlobalSection
	GlobalSection(SolutionProperties) = preSolution
		HideSolutionNode = FALSE
	EndGlobalSection
EndGlobal
