
Microsoft Visual Studio Solution File, Format Version 12.00
# Visual Studio 15
VisualStudioVersion = 15.0.26430.16
MinimumVisualStudioVersion = 10.0.40219.1
Project("{FAE04EC0-301F-11D3-BF4B-00C04F79EFBC}") = "01. Harvesting Fields", "01. Harvesting Fields\01. Harvesting Fields.csproj", "{7F012308-C208-4E3D-97AA-1AB63A28AEE6}"
EndProject
Project("{FAE04EC0-301F-11D3-BF4B-00C04F79EFBC}") = "02. Black Box Integer", "02. Black Box Integer\02. Black Box Integer.csproj", "{56403F2F-210D-4F01-AC6C-A31B8CBB305B}"
EndProject
Project("{FAE04EC0-301F-11D3-BF4B-00C04F79EFBC}") = "03. BarrackWars - A New Factory", "03. BarrackWars - A New Factory\03. BarrackWars - A New Factory.csproj", "{6B9565B7-DD7A-43D0-9F1F-F5DFB1EC09F3}"
EndProject
Project("{FAE04EC0-301F-11D3-BF4B-00C04F79EFBC}") = "04. BarrackWars - The Commands Strike Back", "04. BarrackWars - The Commands Strike Back\04. BarrackWars - The Commands Strike Back.csproj", "{99A9D13E-CABB-4ABB-8668-EEEE689578C7}"
EndProject
Project("{FAE04EC0-301F-11D3-BF4B-00C04F79EFBC}") = "05. BarrackWars - Return of the Dependencies", "05. BarrackWars - Return of the Dependencies\05. BarrackWars - Return of the Dependencies.csproj", "{0180A653-8953-43B8-9ACA-4EEE111E9776}"
EndProject
Global
	GlobalSection(SolutionConfigurationPlatforms) = preSolution
		Debug|Any CPU = Debug|Any CPU
		Release|Any CPU = Release|Any CPU
	EndGlobalSection
	GlobalSection(ProjectConfigurationPlatforms) = postSolution
		{7F012308-C208-4E3D-97AA-1AB63A28AEE6}.Debug|Any CPU.ActiveCfg = Debug|Any CPU
		{7F012308-C208-4E3D-97AA-1AB63A28AEE6}.Debug|Any CPU.Build.0 = Debug|Any CPU
		{7F012308-C208-4E3D-97AA-1AB63A28AEE6}.Release|Any CPU.ActiveCfg = Release|Any CPU
		{7F012308-C208-4E3D-97AA-1AB63A28AEE6}.Release|Any CPU.Build.0 = Release|Any CPU
		{56403F2F-210D-4F01-AC6C-A31B8CBB305B}.Debug|Any CPU.ActiveCfg = Debug|Any CPU
		{56403F2F-210D-4F01-AC6C-A31B8CBB305B}.Debug|Any CPU.Build.0 = Debug|Any CPU
		{56403F2F-210D-4F01-AC6C-A31B8CBB305B}.Release|Any CPU.ActiveCfg = Release|Any CPU
		{56403F2F-210D-4F01-AC6C-A31B8CBB305B}.Release|Any CPU.Build.0 = Release|Any CPU
		{6B9565B7-DD7A-43D0-9F1F-F5DFB1EC09F3}.Debug|Any CPU.ActiveCfg = Debug|Any CPU
		{6B9565B7-DD7A-43D0-9F1F-F5DFB1EC09F3}.Debug|Any CPU.Build.0 = Debug|Any CPU
		{6B9565B7-DD7A-43D0-9F1F-F5DFB1EC09F3}.Release|Any CPU.ActiveCfg = Release|Any CPU
		{6B9565B7-DD7A-43D0-9F1F-F5DFB1EC09F3}.Release|Any CPU.Build.0 = Release|Any CPU
		{99A9D13E-CABB-4ABB-8668-EEEE689578C7}.Debug|Any CPU.ActiveCfg = Debug|Any CPU
		{99A9D13E-CABB-4ABB-8668-EEEE689578C7}.Debug|Any CPU.Build.0 = Debug|Any CPU
		{99A9D13E-CABB-4ABB-8668-EEEE689578C7}.Release|Any CPU.ActiveCfg = Release|Any CPU
		{99A9D13E-CABB-4ABB-8668-EEEE689578C7}.Release|Any CPU.Build.0 = Release|Any CPU
		{0180A653-8953-43B8-9ACA-4EEE111E9776}.Debug|Any CPU.ActiveCfg = Debug|Any CPU
		{0180A653-8953-43B8-9ACA-4EEE111E9776}.Debug|Any CPU.Build.0 = Debug|Any CPU
		{0180A653-8953-43B8-9ACA-4EEE111E9776}.Release|Any CPU.ActiveCfg = Release|Any CPU
		{0180A653-8953-43B8-9ACA-4EEE111E9776}.Release|Any CPU.Build.0 = Release|Any CPU
	EndGlobalSection
	GlobalSection(SolutionProperties) = preSolution
		HideSolutionNode = FALSE
	EndGlobalSection
EndGlobal
