
Microsoft Visual Studio Solution File, Format Version 12.00
# Visual Studio 15
VisualStudioVersion = 15.0.26430.16
MinimumVisualStudioVersion = 10.0.40219.1
Project("{FAE04EC0-301F-11D3-BF4B-00C04F79EFBC}") = "01. Box", "01. Box\01. Box.csproj", "{C6B8F817-9A83-488B-BD15-DA51BEF90816}"
EndProject
Project("{FAE04EC0-301F-11D3-BF4B-00C04F79EFBC}") = "02. ArrayCreator", "02. ArrayCreator\02. ArrayCreator.csproj", "{665A32A3-B18C-441C-9FCB-D058B8379AAE}"
EndProject
Project("{FAE04EC0-301F-11D3-BF4B-00C04F79EFBC}") = "03. Scale", "03. Scale\03. Scale.csproj", "{95900412-8EC5-47F6-86E5-8A359F92559E}"
EndProject
Global
	GlobalSection(SolutionConfigurationPlatforms) = preSolution
		Debug|Any CPU = Debug|Any CPU
		Release|Any CPU = Release|Any CPU
	EndGlobalSection
	GlobalSection(ProjectConfigurationPlatforms) = postSolution
		{C6B8F817-9A83-488B-BD15-DA51BEF90816}.Debug|Any CPU.ActiveCfg = Debug|Any CPU
		{C6B8F817-9A83-488B-BD15-DA51BEF90816}.Debug|Any CPU.Build.0 = Debug|Any CPU
		{C6B8F817-9A83-488B-BD15-DA51BEF90816}.Release|Any CPU.ActiveCfg = Release|Any CPU
		{C6B8F817-9A83-488B-BD15-DA51BEF90816}.Release|Any CPU.Build.0 = Release|Any CPU
		{665A32A3-B18C-441C-9FCB-D058B8379AAE}.Debug|Any CPU.ActiveCfg = Debug|Any CPU
		{665A32A3-B18C-441C-9FCB-D058B8379AAE}.Debug|Any CPU.Build.0 = Debug|Any CPU
		{665A32A3-B18C-441C-9FCB-D058B8379AAE}.Release|Any CPU.ActiveCfg = Release|Any CPU
		{665A32A3-B18C-441C-9FCB-D058B8379AAE}.Release|Any CPU.Build.0 = Release|Any CPU
		{95900412-8EC5-47F6-86E5-8A359F92559E}.Debug|Any CPU.ActiveCfg = Debug|Any CPU
		{95900412-8EC5-47F6-86E5-8A359F92559E}.Debug|Any CPU.Build.0 = Debug|Any CPU
		{95900412-8EC5-47F6-86E5-8A359F92559E}.Release|Any CPU.ActiveCfg = Release|Any CPU
		{95900412-8EC5-47F6-86E5-8A359F92559E}.Release|Any CPU.Build.0 = Release|Any CPU
	EndGlobalSection
	GlobalSection(SolutionProperties) = preSolution
		HideSolutionNode = FALSE
	EndGlobalSection
EndGlobal
