
Microsoft Visual Studio Solution File, Format Version 12.00
# Visual Studio 15
VisualStudioVersion = 15.0.26403.7
MinimumVisualStudioVersion = 10.0.40219.1
Project("{FAE04EC0-301F-11D3-BF4B-00C04F79EFBC}") = "01_Reverse_Numbers", "01_Reverse_Numbers\01_Reverse_Numbers.csproj", "{8D34B076-0C96-48EE-A9FF-B8EA0B671A1B}"
EndProject
Project("{FAE04EC0-301F-11D3-BF4B-00C04F79EFBC}") = "02_Basic_Stack_Operations", "02_Basic_Stack_Operations\02_Basic_Stack_Operations.csproj", "{47BAEAA0-2C9D-4A42-B8AC-49E09D981D97}"
EndProject
Project("{FAE04EC0-301F-11D3-BF4B-00C04F79EFBC}") = "03_Maximum_Element", "03_Maximum_Element\03_Maximum_Element.csproj", "{F2D32931-4972-4983-B514-142242BDEE53}"
EndProject
Project("{FAE04EC0-301F-11D3-BF4B-00C04F79EFBC}") = "04_Basic_Queue_Operations", "04_Basic_Queue_Operations\04_Basic_Queue_Operations.csproj", "{64403BDD-8AD0-4A5F-9A8B-9C3E39E9E785}"
EndProject
Project("{FAE04EC0-301F-11D3-BF4B-00C04F79EFBC}") = "05_Sequence_With_Queue", "05_Sequence_With_Queue\05_Sequence_With_Queue.csproj", "{1876E3A3-5705-40E5-99DC-A321B21CA5EC}"
EndProject
Project("{FAE04EC0-301F-11D3-BF4B-00C04F79EFBC}") = "06_Truck_Tour", "06_Truck_Tour\06_Truck_Tour.csproj", "{1A3CC40F-199E-4F21-89B7-56BF5FDB28C0}"
EndProject
Project("{FAE04EC0-301F-11D3-BF4B-00C04F79EFBC}") = "07_Balanced_Parenthesis", "07_Balanced_Parenthesis\07_Balanced_Parenthesis.csproj", "{E60BFBDF-65F9-400C-8D9A-DE7263F41A06}"
EndProject
Project("{FAE04EC0-301F-11D3-BF4B-00C04F79EFBC}") = "08_Recursive_Fibonacci", "08_Recursive_Fibonacci\08_Recursive_Fibonacci.csproj", "{8600D469-C247-4E36-9DE3-1F38A6510ABF}"
EndProject
Project("{FAE04EC0-301F-11D3-BF4B-00C04F79EFBC}") = "09_Stack_Fibonacci", "09_Stack_Fibonacci\09_Stack_Fibonacci.csproj", "{207EBD44-B773-4949-80FD-D48ECB2711FE}"
EndProject
Project("{FAE04EC0-301F-11D3-BF4B-00C04F79EFBC}") = "10_Simple_Text_Editor", "10_Simple_Text_Editor\10_Simple_Text_Editor.csproj", "{9138386A-0725-4696-8284-95C51CC63031}"
EndProject
Project("{FAE04EC0-301F-11D3-BF4B-00C04F79EFBC}") = "11_Poisonous_Plants", "11_Poisonous_Plants\11_Poisonous_Plants.csproj", "{476972D1-2539-46C3-AEDF-F9F0B5F22D5B}"
EndProject
Global
	GlobalSection(SolutionConfigurationPlatforms) = preSolution
		Debug|Any CPU = Debug|Any CPU
		Release|Any CPU = Release|Any CPU
	EndGlobalSection
	GlobalSection(ProjectConfigurationPlatforms) = postSolution
		{8D34B076-0C96-48EE-A9FF-B8EA0B671A1B}.Debug|Any CPU.ActiveCfg = Debug|Any CPU
		{8D34B076-0C96-48EE-A9FF-B8EA0B671A1B}.Debug|Any CPU.Build.0 = Debug|Any CPU
		{8D34B076-0C96-48EE-A9FF-B8EA0B671A1B}.Release|Any CPU.ActiveCfg = Release|Any CPU
		{8D34B076-0C96-48EE-A9FF-B8EA0B671A1B}.Release|Any CPU.Build.0 = Release|Any CPU
		{47BAEAA0-2C9D-4A42-B8AC-49E09D981D97}.Debug|Any CPU.ActiveCfg = Debug|Any CPU
		{47BAEAA0-2C9D-4A42-B8AC-49E09D981D97}.Debug|Any CPU.Build.0 = Debug|Any CPU
		{47BAEAA0-2C9D-4A42-B8AC-49E09D981D97}.Release|Any CPU.ActiveCfg = Release|Any CPU
		{47BAEAA0-2C9D-4A42-B8AC-49E09D981D97}.Release|Any CPU.Build.0 = Release|Any CPU
		{F2D32931-4972-4983-B514-142242BDEE53}.Debug|Any CPU.ActiveCfg = Debug|Any CPU
		{F2D32931-4972-4983-B514-142242BDEE53}.Debug|Any CPU.Build.0 = Debug|Any CPU
		{F2D32931-4972-4983-B514-142242BDEE53}.Release|Any CPU.ActiveCfg = Release|Any CPU
		{F2D32931-4972-4983-B514-142242BDEE53}.Release|Any CPU.Build.0 = Release|Any CPU
		{64403BDD-8AD0-4A5F-9A8B-9C3E39E9E785}.Debug|Any CPU.ActiveCfg = Debug|Any CPU
		{64403BDD-8AD0-4A5F-9A8B-9C3E39E9E785}.Debug|Any CPU.Build.0 = Debug|Any CPU
		{64403BDD-8AD0-4A5F-9A8B-9C3E39E9E785}.Release|Any CPU.ActiveCfg = Release|Any CPU
		{64403BDD-8AD0-4A5F-9A8B-9C3E39E9E785}.Release|Any CPU.Build.0 = Release|Any CPU
		{1876E3A3-5705-40E5-99DC-A321B21CA5EC}.Debug|Any CPU.ActiveCfg = Debug|Any CPU
		{1876E3A3-5705-40E5-99DC-A321B21CA5EC}.Debug|Any CPU.Build.0 = Debug|Any CPU
		{1876E3A3-5705-40E5-99DC-A321B21CA5EC}.Release|Any CPU.ActiveCfg = Release|Any CPU
		{1876E3A3-5705-40E5-99DC-A321B21CA5EC}.Release|Any CPU.Build.0 = Release|Any CPU
		{1A3CC40F-199E-4F21-89B7-56BF5FDB28C0}.Debug|Any CPU.ActiveCfg = Debug|Any CPU
		{1A3CC40F-199E-4F21-89B7-56BF5FDB28C0}.Debug|Any CPU.Build.0 = Debug|Any CPU
		{1A3CC40F-199E-4F21-89B7-56BF5FDB28C0}.Release|Any CPU.ActiveCfg = Release|Any CPU
		{1A3CC40F-199E-4F21-89B7-56BF5FDB28C0}.Release|Any CPU.Build.0 = Release|Any CPU
		{E60BFBDF-65F9-400C-8D9A-DE7263F41A06}.Debug|Any CPU.ActiveCfg = Debug|Any CPU
		{E60BFBDF-65F9-400C-8D9A-DE7263F41A06}.Debug|Any CPU.Build.0 = Debug|Any CPU
		{E60BFBDF-65F9-400C-8D9A-DE7263F41A06}.Release|Any CPU.ActiveCfg = Release|Any CPU
		{E60BFBDF-65F9-400C-8D9A-DE7263F41A06}.Release|Any CPU.Build.0 = Release|Any CPU
		{8600D469-C247-4E36-9DE3-1F38A6510ABF}.Debug|Any CPU.ActiveCfg = Debug|Any CPU
		{8600D469-C247-4E36-9DE3-1F38A6510ABF}.Debug|Any CPU.Build.0 = Debug|Any CPU
		{8600D469-C247-4E36-9DE3-1F38A6510ABF}.Release|Any CPU.ActiveCfg = Release|Any CPU
		{8600D469-C247-4E36-9DE3-1F38A6510ABF}.Release|Any CPU.Build.0 = Release|Any CPU
		{207EBD44-B773-4949-80FD-D48ECB2711FE}.Debug|Any CPU.ActiveCfg = Debug|Any CPU
		{207EBD44-B773-4949-80FD-D48ECB2711FE}.Debug|Any CPU.Build.0 = Debug|Any CPU
		{207EBD44-B773-4949-80FD-D48ECB2711FE}.Release|Any CPU.ActiveCfg = Release|Any CPU
		{207EBD44-B773-4949-80FD-D48ECB2711FE}.Release|Any CPU.Build.0 = Release|Any CPU
		{9138386A-0725-4696-8284-95C51CC63031}.Debug|Any CPU.ActiveCfg = Debug|Any CPU
		{9138386A-0725-4696-8284-95C51CC63031}.Debug|Any CPU.Build.0 = Debug|Any CPU
		{9138386A-0725-4696-8284-95C51CC63031}.Release|Any CPU.ActiveCfg = Release|Any CPU
		{9138386A-0725-4696-8284-95C51CC63031}.Release|Any CPU.Build.0 = Release|Any CPU
		{476972D1-2539-46C3-AEDF-F9F0B5F22D5B}.Debug|Any CPU.ActiveCfg = Debug|Any CPU
		{476972D1-2539-46C3-AEDF-F9F0B5F22D5B}.Debug|Any CPU.Build.0 = Debug|Any CPU
		{476972D1-2539-46C3-AEDF-F9F0B5F22D5B}.Release|Any CPU.ActiveCfg = Release|Any CPU
		{476972D1-2539-46C3-AEDF-F9F0B5F22D5B}.Release|Any CPU.Build.0 = Release|Any CPU
	EndGlobalSection
	GlobalSection(SolutionProperties) = preSolution
		HideSolutionNode = FALSE
	EndGlobalSection
EndGlobal
