
Microsoft Visual Studio Solution File, Format Version 12.00
# Visual Studio 15
VisualStudioVersion = 15.0.26430.16
MinimumVisualStudioVersion = 10.0.40219.1
Project("{FAE04EC0-301F-11D3-BF4B-00C04F79EFBC}") = "01. WeekDay", "01. WeekDay\01. WeekDay.csproj", "{60ACF642-5108-47F8-A43F-F22BCC4278FA}"
EndProject
Project("{FAE04EC0-301F-11D3-BF4B-00C04F79EFBC}") = "02. CoffeeMachine", "02. CoffeeMachine\02. CoffeeMachine.csproj", "{EBB43896-E688-4E99-8E5E-E65C0B9EF191}"
EndProject
Project("{FAE04EC0-301F-11D3-BF4B-00C04F79EFBC}") = "03. Attributes", "03. Attributes\03. Attributes.csproj", "{350B2723-17DE-466B-87B2-6F86B396FA2A}"
EndProject
Project("{FAE04EC0-301F-11D3-BF4B-00C04F79EFBC}") = "04. Tracker", "04. Tracker\04. Tracker.csproj", "{8560E03A-695E-43EB-95B0-63775C995A87}"
EndProject
Global
	GlobalSection(SolutionConfigurationPlatforms) = preSolution
		Debug|Any CPU = Debug|Any CPU
		Release|Any CPU = Release|Any CPU
	EndGlobalSection
	GlobalSection(ProjectConfigurationPlatforms) = postSolution
		{60ACF642-5108-47F8-A43F-F22BCC4278FA}.Debug|Any CPU.ActiveCfg = Debug|Any CPU
		{60ACF642-5108-47F8-A43F-F22BCC4278FA}.Debug|Any CPU.Build.0 = Debug|Any CPU
		{60ACF642-5108-47F8-A43F-F22BCC4278FA}.Release|Any CPU.ActiveCfg = Release|Any CPU
		{60ACF642-5108-47F8-A43F-F22BCC4278FA}.Release|Any CPU.Build.0 = Release|Any CPU
		{EBB43896-E688-4E99-8E5E-E65C0B9EF191}.Debug|Any CPU.ActiveCfg = Debug|Any CPU
		{EBB43896-E688-4E99-8E5E-E65C0B9EF191}.Debug|Any CPU.Build.0 = Debug|Any CPU
		{EBB43896-E688-4E99-8E5E-E65C0B9EF191}.Release|Any CPU.ActiveCfg = Release|Any CPU
		{EBB43896-E688-4E99-8E5E-E65C0B9EF191}.Release|Any CPU.Build.0 = Release|Any CPU
		{350B2723-17DE-466B-87B2-6F86B396FA2A}.Debug|Any CPU.ActiveCfg = Debug|Any CPU
		{350B2723-17DE-466B-87B2-6F86B396FA2A}.Debug|Any CPU.Build.0 = Debug|Any CPU
		{350B2723-17DE-466B-87B2-6F86B396FA2A}.Release|Any CPU.ActiveCfg = Release|Any CPU
		{350B2723-17DE-466B-87B2-6F86B396FA2A}.Release|Any CPU.Build.0 = Release|Any CPU
		{8560E03A-695E-43EB-95B0-63775C995A87}.Debug|Any CPU.ActiveCfg = Debug|Any CPU
		{8560E03A-695E-43EB-95B0-63775C995A87}.Debug|Any CPU.Build.0 = Debug|Any CPU
		{8560E03A-695E-43EB-95B0-63775C995A87}.Release|Any CPU.ActiveCfg = Release|Any CPU
		{8560E03A-695E-43EB-95B0-63775C995A87}.Release|Any CPU.Build.0 = Release|Any CPU
	EndGlobalSection
	GlobalSection(SolutionProperties) = preSolution
		HideSolutionNode = FALSE
	EndGlobalSection
EndGlobal
